// !$*UTF8*$!
{
	archiveVersion = 1;
	classes = {
	};
	objectVersion = 56;
	objects = {

/* Begin PBXBuildFile section */
		6F6037FB2BFF1F240056B5B6 /* Kingfisher in Frameworks */ = {isa = PBXBuildFile; productRef = 6F6037FA2BFF1F240056B5B6 /* Kingfisher */; };
		6F6037FD2BFF24060056B5B6 /* CollectionViewCell.swift in Sources */ = {isa = PBXBuildFile; fileRef = 6F6037FC2BFF24060056B5B6 /* CollectionViewCell.swift */; };
		6F6328C22C0FBC0900C459B4 /* PersonalDetailsViewController.swift in Sources */ = {isa = PBXBuildFile; fileRef = 6F6328C12C0FBC0900C459B4 /* PersonalDetailsViewController.swift */; };
		6F67F0A22C07237E007E74CD /* MoreServicesViewController.swift in Sources */ = {isa = PBXBuildFile; fileRef = 6F67F0A12C07237E007E74CD /* MoreServicesViewController.swift */; };
		6F67F0A42C072394007E74CD /* MoreDoctorsViewController.swift in Sources */ = {isa = PBXBuildFile; fileRef = 6F67F0A32C072394007E74CD /* MoreDoctorsViewController.swift */; };
		6F67F0AB2C073D09007E74CD /* ServicesListViewController.swift in Sources */ = {isa = PBXBuildFile; fileRef = 6F67F0AA2C073D09007E74CD /* ServicesListViewController.swift */; };
		6F67F0AD2C073D1E007E74CD /* DoctorsListViewController.swift in Sources */ = {isa = PBXBuildFile; fileRef = 6F67F0AC2C073D1E007E74CD /* DoctorsListViewController.swift */; };
		6F67F0AF2C073D2B007E74CD /* CalendarViewController.swift in Sources */ = {isa = PBXBuildFile; fileRef = 6F67F0AE2C073D2B007E74CD /* CalendarViewController.swift */; };
		6F67F0B12C073D39007E74CD /* ConfirmationViewController.swift in Sources */ = {isa = PBXBuildFile; fileRef = 6F67F0B02C073D39007E74CD /* ConfirmationViewController.swift */; };
		6F67F0B72C0CDC63007E74CD /* FilterViewController.swift in Sources */ = {isa = PBXBuildFile; fileRef = 6F67F0B62C0CDC63007E74CD /* FilterViewController.swift */; };
		6F67F0BA2C0CEE66007E74CD /* DoctorDetailViewController.swift in Sources */ = {isa = PBXBuildFile; fileRef = 6F67F0B92C0CEE66007E74CD /* DoctorDetailViewController.swift */; };
		6F7F1D542BE91B5400DD67F1 /* AppDelegate.swift in Sources */ = {isa = PBXBuildFile; fileRef = 6F7F1D532BE91B5400DD67F1 /* AppDelegate.swift */; };
		6F7F1D5D2BE91B5700DD67F1 /* Assets.xcassets in Resources */ = {isa = PBXBuildFile; fileRef = 6F7F1D5C2BE91B5700DD67F1 /* Assets.xcassets */; };
		6F7F1D602BE91B5700DD67F1 /* Base in Resources */ = {isa = PBXBuildFile; fileRef = 6F7F1D5F2BE91B5700DD67F1 /* Base */; };
		6F7F1D6C2BE9272B00DD67F1 /* LoginView.swift in Sources */ = {isa = PBXBuildFile; fileRef = 6F7F1D6B2BE9272B00DD67F1 /* LoginView.swift */; };
		6F7F1D702BE9372500DD67F1 /* LoginViewModel.swift in Sources */ = {isa = PBXBuildFile; fileRef = 6F7F1D6F2BE9372500DD67F1 /* LoginViewModel.swift */; };
		6F7F1D722BE9373700DD67F1 /* LoginModel.swift in Sources */ = {isa = PBXBuildFile; fileRef = 6F7F1D712BE9373700DD67F1 /* LoginModel.swift */; };
		6F7F1D792BEF64D000DD67F1 /* SnapKit in Frameworks */ = {isa = PBXBuildFile; productRef = 6F7F1D782BEF64D000DD67F1 /* SnapKit */; };
		6F7F1D7B2BEF64D000DD67F1 /* SnapKit-Dynamic in Frameworks */ = {isa = PBXBuildFile; productRef = 6F7F1D7A2BEF64D000DD67F1 /* SnapKit-Dynamic */; };
		6F7F1D7E2BEF650800DD67F1 /* Alamofire in Frameworks */ = {isa = PBXBuildFile; productRef = 6F7F1D7D2BEF650800DD67F1 /* Alamofire */; };
		6F7F1D802BEF650800DD67F1 /* AlamofireDynamic in Frameworks */ = {isa = PBXBuildFile; productRef = 6F7F1D7F2BEF650800DD67F1 /* AlamofireDynamic */; };
		6FC1B4762BF4AF390052A632 /* VKPinCodeView in Frameworks */ = {isa = PBXBuildFile; productRef = 6FC1B4752BF4AF390052A632 /* VKPinCodeView */; };
		6FC1B47A2BF4DA9A0052A632 /* RegistrationViewModel.swift in Sources */ = {isa = PBXBuildFile; fileRef = 6FC1B4792BF4DA9A0052A632 /* RegistrationViewModel.swift */; };
		6FC1B47C2BF4DAAF0052A632 /* RegistrationModel.swift in Sources */ = {isa = PBXBuildFile; fileRef = 6FC1B47B2BF4DAAF0052A632 /* RegistrationModel.swift */; };
		6FC1B47E2BF4DABF0052A632 /* RegistrationView.swift in Sources */ = {isa = PBXBuildFile; fileRef = 6FC1B47D2BF4DABF0052A632 /* RegistrationView.swift */; };
		6FC1B4812BF4E4D10052A632 /* VerificationView.swift in Sources */ = {isa = PBXBuildFile; fileRef = 6FC1B4802BF4E4D10052A632 /* VerificationView.swift */; };
		6FC1B4832BF4E4DD0052A632 /* VerificationViewModel.swift in Sources */ = {isa = PBXBuildFile; fileRef = 6FC1B4822BF4E4DD0052A632 /* VerificationViewModel.swift */; };
		6FC1B4852BF4E4EB0052A632 /* VerificationModel.swift in Sources */ = {isa = PBXBuildFile; fileRef = 6FC1B4842BF4E4EB0052A632 /* VerificationModel.swift */; };
		6FC1B4FD2BF8FA690052A632 /* RegistrationRequest.swift in Sources */ = {isa = PBXBuildFile; fileRef = 6FC1B4FC2BF8FA690052A632 /* RegistrationRequest.swift */; };
		6FC1B5052BFB64240052A632 /* PasswordRecoveryView.swift in Sources */ = {isa = PBXBuildFile; fileRef = 6FC1B5042BFB64240052A632 /* PasswordRecoveryView.swift */; };
		6FC1B5212BFBA8680052A632 /* PasswordRecoveryViewModel.swift in Sources */ = {isa = PBXBuildFile; fileRef = 6FC1B5202BFBA8680052A632 /* PasswordRecoveryViewModel.swift */; };
		6FC1B5262BFBAB4B0052A632 /* MainView.swift in Sources */ = {isa = PBXBuildFile; fileRef = 6FC1B5252BFBAB4B0052A632 /* MainView.swift */; };
		6FC1B5302BFBAE030052A632 /* AppointmentView.swift in Sources */ = {isa = PBXBuildFile; fileRef = 6FC1B52F2BFBAE030052A632 /* AppointmentView.swift */; };
		6FC1B5322BFBAE140052A632 /* HistoryView.swift in Sources */ = {isa = PBXBuildFile; fileRef = 6FC1B5312BFBAE140052A632 /* HistoryView.swift */; };
		6FC1B5342BFBAE210052A632 /* ProfileView.swift in Sources */ = {isa = PBXBuildFile; fileRef = 6FC1B5332BFBAE210052A632 /* ProfileView.swift */; };
		6FC1B5372BFBAF370052A632 /* MainTabBar.swift in Sources */ = {isa = PBXBuildFile; fileRef = 6FC1B5362BFBAF370052A632 /* MainTabBar.swift */; };
		6FC1B53A2BFBB1760052A632 /* MainViewModel.swift in Sources */ = {isa = PBXBuildFile; fileRef = 6FC1B5392BFBB1760052A632 /* MainViewModel.swift */; };
		6FC1B53C2BFBB1830052A632 /* MainModel.swift in Sources */ = {isa = PBXBuildFile; fileRef = 6FC1B53B2BFBB1830052A632 /* MainModel.swift */; };
		6FC1B5462BFD6D590052A632 /* DoctorCollectionViewCell.swift in Sources */ = {isa = PBXBuildFile; fileRef = 6FC1B5452BFD6D590052A632 /* DoctorCollectionViewCell.swift */; };
/* End PBXBuildFile section */

/* Begin PBXFileReference section */
		6F6037FC2BFF24060056B5B6 /* CollectionViewCell.swift */ = {isa = PBXFileReference; lastKnownFileType = sourcecode.swift; path = CollectionViewCell.swift; sourceTree = "<group>"; };
		6F6328C12C0FBC0900C459B4 /* PersonalDetailsViewController.swift */ = {isa = PBXFileReference; lastKnownFileType = sourcecode.swift; path = PersonalDetailsViewController.swift; sourceTree = "<group>"; };
		6F67F0A12C07237E007E74CD /* MoreServicesViewController.swift */ = {isa = PBXFileReference; lastKnownFileType = sourcecode.swift; path = MoreServicesViewController.swift; sourceTree = "<group>"; };
		6F67F0A32C072394007E74CD /* MoreDoctorsViewController.swift */ = {isa = PBXFileReference; lastKnownFileType = sourcecode.swift; path = MoreDoctorsViewController.swift; sourceTree = "<group>"; };
		6F67F0AA2C073D09007E74CD /* ServicesListViewController.swift */ = {isa = PBXFileReference; lastKnownFileType = sourcecode.swift; path = ServicesListViewController.swift; sourceTree = "<group>"; };
		6F67F0AC2C073D1E007E74CD /* DoctorsListViewController.swift */ = {isa = PBXFileReference; lastKnownFileType = sourcecode.swift; path = DoctorsListViewController.swift; sourceTree = "<group>"; };
		6F67F0AE2C073D2B007E74CD /* CalendarViewController.swift */ = {isa = PBXFileReference; lastKnownFileType = sourcecode.swift; path = CalendarViewController.swift; sourceTree = "<group>"; };
		6F67F0B02C073D39007E74CD /* ConfirmationViewController.swift */ = {isa = PBXFileReference; lastKnownFileType = sourcecode.swift; path = ConfirmationViewController.swift; sourceTree = "<group>"; };
		6F67F0B62C0CDC63007E74CD /* FilterViewController.swift */ = {isa = PBXFileReference; lastKnownFileType = sourcecode.swift; path = FilterViewController.swift; sourceTree = "<group>"; };
		6F67F0B92C0CEE66007E74CD /* DoctorDetailViewController.swift */ = {isa = PBXFileReference; lastKnownFileType = sourcecode.swift; path = DoctorDetailViewController.swift; sourceTree = "<group>"; };
		6F7F1D502BE91B5400DD67F1 /* NeoDent.app */ = {isa = PBXFileReference; explicitFileType = wrapper.application; includeInIndex = 0; path = NeoDent.app; sourceTree = BUILT_PRODUCTS_DIR; };
		6F7F1D532BE91B5400DD67F1 /* AppDelegate.swift */ = {isa = PBXFileReference; lastKnownFileType = sourcecode.swift; path = AppDelegate.swift; sourceTree = "<group>"; };
		6F7F1D5C2BE91B5700DD67F1 /* Assets.xcassets */ = {isa = PBXFileReference; lastKnownFileType = folder.assetcatalog; path = Assets.xcassets; sourceTree = "<group>"; };
		6F7F1D5F2BE91B5700DD67F1 /* Base */ = {isa = PBXFileReference; lastKnownFileType = file.storyboard; name = Base; path = Base.lproj/LaunchScreen.storyboard; sourceTree = "<group>"; };
		6F7F1D612BE91B5700DD67F1 /* Info.plist */ = {isa = PBXFileReference; lastKnownFileType = text.plist.xml; path = Info.plist; sourceTree = "<group>"; };
		6F7F1D6B2BE9272B00DD67F1 /* LoginView.swift */ = {isa = PBXFileReference; lastKnownFileType = sourcecode.swift; path = LoginView.swift; sourceTree = "<group>"; };
		6F7F1D6F2BE9372500DD67F1 /* LoginViewModel.swift */ = {isa = PBXFileReference; lastKnownFileType = sourcecode.swift; path = LoginViewModel.swift; sourceTree = "<group>"; };
		6F7F1D712BE9373700DD67F1 /* LoginModel.swift */ = {isa = PBXFileReference; lastKnownFileType = sourcecode.swift; path = LoginModel.swift; sourceTree = "<group>"; };
		6FC1B4792BF4DA9A0052A632 /* RegistrationViewModel.swift */ = {isa = PBXFileReference; lastKnownFileType = sourcecode.swift; path = RegistrationViewModel.swift; sourceTree = "<group>"; };
		6FC1B47B2BF4DAAF0052A632 /* RegistrationModel.swift */ = {isa = PBXFileReference; lastKnownFileType = sourcecode.swift; path = RegistrationModel.swift; sourceTree = "<group>"; };
		6FC1B47D2BF4DABF0052A632 /* RegistrationView.swift */ = {isa = PBXFileReference; lastKnownFileType = sourcecode.swift; path = RegistrationView.swift; sourceTree = "<group>"; };
		6FC1B4802BF4E4D10052A632 /* VerificationView.swift */ = {isa = PBXFileReference; lastKnownFileType = sourcecode.swift; path = VerificationView.swift; sourceTree = "<group>"; };
		6FC1B4822BF4E4DD0052A632 /* VerificationViewModel.swift */ = {isa = PBXFileReference; lastKnownFileType = sourcecode.swift; path = VerificationViewModel.swift; sourceTree = "<group>"; };
		6FC1B4842BF4E4EB0052A632 /* VerificationModel.swift */ = {isa = PBXFileReference; lastKnownFileType = sourcecode.swift; path = VerificationModel.swift; sourceTree = "<group>"; };
		6FC1B4FC2BF8FA690052A632 /* RegistrationRequest.swift */ = {isa = PBXFileReference; lastKnownFileType = sourcecode.swift; path = RegistrationRequest.swift; sourceTree = "<group>"; };
		6FC1B5042BFB64240052A632 /* PasswordRecoveryView.swift */ = {isa = PBXFileReference; lastKnownFileType = sourcecode.swift; path = PasswordRecoveryView.swift; sourceTree = "<group>"; };
		6FC1B5202BFBA8680052A632 /* PasswordRecoveryViewModel.swift */ = {isa = PBXFileReference; lastKnownFileType = sourcecode.swift; path = PasswordRecoveryViewModel.swift; sourceTree = "<group>"; };
		6FC1B5252BFBAB4B0052A632 /* MainView.swift */ = {isa = PBXFileReference; lastKnownFileType = sourcecode.swift; path = MainView.swift; sourceTree = "<group>"; };
		6FC1B52F2BFBAE030052A632 /* AppointmentView.swift */ = {isa = PBXFileReference; lastKnownFileType = sourcecode.swift; path = AppointmentView.swift; sourceTree = "<group>"; };
		6FC1B5312BFBAE140052A632 /* HistoryView.swift */ = {isa = PBXFileReference; lastKnownFileType = sourcecode.swift; path = HistoryView.swift; sourceTree = "<group>"; };
		6FC1B5332BFBAE210052A632 /* ProfileView.swift */ = {isa = PBXFileReference; lastKnownFileType = sourcecode.swift; path = ProfileView.swift; sourceTree = "<group>"; };
		6FC1B5362BFBAF370052A632 /* MainTabBar.swift */ = {isa = PBXFileReference; lastKnownFileType = sourcecode.swift; path = MainTabBar.swift; sourceTree = "<group>"; };
		6FC1B5392BFBB1760052A632 /* MainViewModel.swift */ = {isa = PBXFileReference; lastKnownFileType = sourcecode.swift; path = MainViewModel.swift; sourceTree = "<group>"; };
		6FC1B53B2BFBB1830052A632 /* MainModel.swift */ = {isa = PBXFileReference; lastKnownFileType = sourcecode.swift; path = MainModel.swift; sourceTree = "<group>"; };
		6FC1B5452BFD6D590052A632 /* DoctorCollectionViewCell.swift */ = {isa = PBXFileReference; lastKnownFileType = sourcecode.swift; path = DoctorCollectionViewCell.swift; sourceTree = "<group>"; };
/* End PBXFileReference section */

/* Begin PBXFrameworksBuildPhase section */
		6F7F1D4D2BE91B5400DD67F1 /* Frameworks */ = {
			isa = PBXFrameworksBuildPhase;
			buildActionMask = 2147483647;
			files = (
				6F6037FB2BFF1F240056B5B6 /* Kingfisher in Frameworks */,
				6F7F1D7E2BEF650800DD67F1 /* Alamofire in Frameworks */,
				6F7F1D802BEF650800DD67F1 /* AlamofireDynamic in Frameworks */,
				6F7F1D792BEF64D000DD67F1 /* SnapKit in Frameworks */,
				6F7F1D7B2BEF64D000DD67F1 /* SnapKit-Dynamic in Frameworks */,
				6FC1B4762BF4AF390052A632 /* VKPinCodeView in Frameworks */,
			);
			runOnlyForDeploymentPostprocessing = 0;
		};
/* End PBXFrameworksBuildPhase section */

/* Begin PBXGroup section */
		6F6328C02C0FBBF100C459B4 /* PersonalDetails */ = {
			isa = PBXGroup;
			children = (
				6F6328C12C0FBC0900C459B4 /* PersonalDetailsViewController.swift */,
			);
			path = PersonalDetails;
			sourceTree = "<group>";
		};
		6F67F0A62C073C51007E74CD /* DoctorsList */ = {
			isa = PBXGroup;
			children = (
				6F67F0B82C0CEE47007E74CD /* DoctorDetailView */,
				6F67F0B52C0CDC38007E74CD /* FilterView */,
				6F67F0AC2C073D1E007E74CD /* DoctorsListViewController.swift */,
			);
			path = DoctorsList;
			sourceTree = "<group>";
		};
		6F67F0A72C073C8F007E74CD /* ServicesList */ = {
			isa = PBXGroup;
			children = (
				6F67F0AA2C073D09007E74CD /* ServicesListViewController.swift */,
			);
			path = ServicesList;
			sourceTree = "<group>";
		};
		6F67F0A82C073C99007E74CD /* Calendar */ = {
			isa = PBXGroup;
			children = (
				6F67F0AE2C073D2B007E74CD /* CalendarViewController.swift */,
			);
			path = Calendar;
			sourceTree = "<group>";
		};
		6F67F0A92C073CDE007E74CD /* Confirmation */ = {
			isa = PBXGroup;
			children = (
				6F67F0B02C073D39007E74CD /* ConfirmationViewController.swift */,
			);
			path = Confirmation;
			sourceTree = "<group>";
		};
		6F67F0B52C0CDC38007E74CD /* FilterView */ = {
			isa = PBXGroup;
			children = (
				6F67F0B62C0CDC63007E74CD /* FilterViewController.swift */,
			);
			path = FilterView;
			sourceTree = "<group>";
		};
		6F67F0B82C0CEE47007E74CD /* DoctorDetailView */ = {
			isa = PBXGroup;
			children = (
				6F67F0B92C0CEE66007E74CD /* DoctorDetailViewController.swift */,
			);
			path = DoctorDetailView;
			sourceTree = "<group>";
		};
		6F7F1D472BE91B5400DD67F1 = {
			isa = PBXGroup;
			children = (
				6F7F1D522BE91B5400DD67F1 /* NeoDent */,
				6F7F1D512BE91B5400DD67F1 /* Products */,
			);
			sourceTree = "<group>";
		};
		6F7F1D512BE91B5400DD67F1 /* Products */ = {
			isa = PBXGroup;
			children = (
				6F7F1D502BE91B5400DD67F1 /* NeoDent.app */,
			);
			name = Products;
			sourceTree = "<group>";
		};
		6F7F1D522BE91B5400DD67F1 /* NeoDent */ = {
			isa = PBXGroup;
			children = (
				6FC1B5352BFBAE810052A632 /* Tabbar */,
				6FC1B52A2BFBAD880052A632 /* Profile */,
				6FC1B5292BFBAD7E0052A632 /* History */,
				6FC1B5282BFBAD740052A632 /* Appointment */,
				6FC1B5242BFBAB380052A632 /* Main */,
				6FC1B50D2BFB6AF50052A632 /* Authorization */,
				6F7F1D532BE91B5400DD67F1 /* AppDelegate.swift */,
				6F7F1D5C2BE91B5700DD67F1 /* Assets.xcassets */,
				6F7F1D5E2BE91B5700DD67F1 /* LaunchScreen.storyboard */,
				6F7F1D612BE91B5700DD67F1 /* Info.plist */,
			);
			path = NeoDent;
			sourceTree = "<group>";
		};
		6F7F1D672BE9267D00DD67F1 /* Login */ = {
			isa = PBXGroup;
			children = (
				6F7F1D6B2BE9272B00DD67F1 /* LoginView.swift */,
				6F7F1D6F2BE9372500DD67F1 /* LoginViewModel.swift */,
				6F7F1D712BE9373700DD67F1 /* LoginModel.swift */,
			);
			path = Login;
			sourceTree = "<group>";
		};
		6FC1B4782BF4DA7C0052A632 /* Registration */ = {
			isa = PBXGroup;
			children = (
				6FC1B47D2BF4DABF0052A632 /* RegistrationView.swift */,
				6FC1B4792BF4DA9A0052A632 /* RegistrationViewModel.swift */,
				6FC1B47B2BF4DAAF0052A632 /* RegistrationModel.swift */,
				6FC1B4FC2BF8FA690052A632 /* RegistrationRequest.swift */,
			);
			path = Registration;
			sourceTree = "<group>";
		};
		6FC1B47F2BF4E4A90052A632 /* Verification */ = {
			isa = PBXGroup;
			children = (
				6FC1B4802BF4E4D10052A632 /* VerificationView.swift */,
				6FC1B4822BF4E4DD0052A632 /* VerificationViewModel.swift */,
				6FC1B4842BF4E4EB0052A632 /* VerificationModel.swift */,
			);
			path = Verification;
			sourceTree = "<group>";
		};
		6FC1B5032BFB64030052A632 /* PasswordRecovery */ = {
			isa = PBXGroup;
			children = (
				6FC1B5042BFB64240052A632 /* PasswordRecoveryView.swift */,
				6FC1B5202BFBA8680052A632 /* PasswordRecoveryViewModel.swift */,
			);
			path = PasswordRecovery;
			sourceTree = "<group>";
		};
		6FC1B50D2BFB6AF50052A632 /* Authorization */ = {
			isa = PBXGroup;
			children = (
				6FC1B5032BFB64030052A632 /* PasswordRecovery */,
				6FC1B47F2BF4E4A90052A632 /* Verification */,
				6FC1B4782BF4DA7C0052A632 /* Registration */,
				6F7F1D672BE9267D00DD67F1 /* Login */,
			);
			path = Authorization;
			sourceTree = "<group>";
		};
		6FC1B5242BFBAB380052A632 /* Main */ = {
			isa = PBXGroup;
			children = (
				6FC1B53D2BFBB3140052A632 /* MoreServices */,
				6FC1B53E2BFBB3340052A632 /* MoreDoctors */,
				6FC1B5442BFD6D390052A632 /* CollectionView */,
				6FC1B5252BFBAB4B0052A632 /* MainView.swift */,
				6FC1B5392BFBB1760052A632 /* MainViewModel.swift */,
				6FC1B53B2BFBB1830052A632 /* MainModel.swift */,
			);
			path = Main;
			sourceTree = "<group>";
		};
		6FC1B5282BFBAD740052A632 /* Appointment */ = {
			isa = PBXGroup;
			children = (
				6F6328C02C0FBBF100C459B4 /* PersonalDetails */,
				6F67F0A92C073CDE007E74CD /* Confirmation */,
				6F67F0A82C073C99007E74CD /* Calendar */,
				6F67F0A72C073C8F007E74CD /* ServicesList */,
				6F67F0A62C073C51007E74CD /* DoctorsList */,
				6FC1B52F2BFBAE030052A632 /* AppointmentView.swift */,
			);
			path = Appointment;
			sourceTree = "<group>";
		};
		6FC1B5292BFBAD7E0052A632 /* History */ = {
			isa = PBXGroup;
			children = (
				6FC1B5312BFBAE140052A632 /* HistoryView.swift */,
			);
			path = History;
			sourceTree = "<group>";
		};
		6FC1B52A2BFBAD880052A632 /* Profile */ = {
			isa = PBXGroup;
			children = (
				6FC1B5332BFBAE210052A632 /* ProfileView.swift */,
			);
			path = Profile;
			sourceTree = "<group>";
		};
		6FC1B5352BFBAE810052A632 /* Tabbar */ = {
			isa = PBXGroup;
			children = (
				6FC1B5362BFBAF370052A632 /* MainTabBar.swift */,
			);
			path = Tabbar;
			sourceTree = "<group>";
		};
		6FC1B53D2BFBB3140052A632 /* MoreServices */ = {
			isa = PBXGroup;
			children = (
				6F67F0A12C07237E007E74CD /* MoreServicesViewController.swift */,
			);
			path = MoreServices;
			sourceTree = "<group>";
		};
		6FC1B53E2BFBB3340052A632 /* MoreDoctors */ = {
			isa = PBXGroup;
			children = (
				6F67F0A32C072394007E74CD /* MoreDoctorsViewController.swift */,
			);
			path = MoreDoctors;
			sourceTree = "<group>";
		};
		6FC1B5442BFD6D390052A632 /* CollectionView */ = {
			isa = PBXGroup;
			children = (
				6FC1B5452BFD6D590052A632 /* DoctorCollectionViewCell.swift */,
				6F6037FC2BFF24060056B5B6 /* CollectionViewCell.swift */,
			);
			path = CollectionView;
			sourceTree = "<group>";
		};
/* End PBXGroup section */

/* Begin PBXNativeTarget section */
		6F7F1D4F2BE91B5400DD67F1 /* NeoDent */ = {
			isa = PBXNativeTarget;
			buildConfigurationList = 6F7F1D642BE91B5700DD67F1 /* Build configuration list for PBXNativeTarget "NeoDent" */;
			buildPhases = (
				6F7F1D4C2BE91B5400DD67F1 /* Sources */,
				6F7F1D4D2BE91B5400DD67F1 /* Frameworks */,
				6F7F1D4E2BE91B5400DD67F1 /* Resources */,
			);
			buildRules = (
			);
			dependencies = (
			);
			name = NeoDent;
			packageProductDependencies = (
				6F7F1D782BEF64D000DD67F1 /* SnapKit */,
				6F7F1D7A2BEF64D000DD67F1 /* SnapKit-Dynamic */,
				6F7F1D7D2BEF650800DD67F1 /* Alamofire */,
				6F7F1D7F2BEF650800DD67F1 /* AlamofireDynamic */,
				6FC1B4752BF4AF390052A632 /* VKPinCodeView */,
				6F6037FA2BFF1F240056B5B6 /* Kingfisher */,
			);
			productName = NeoDent;
			productReference = 6F7F1D502BE91B5400DD67F1 /* NeoDent.app */;
			productType = "com.apple.product-type.application";
		};
/* End PBXNativeTarget section */

/* Begin PBXProject section */
		6F7F1D482BE91B5400DD67F1 /* Project object */ = {
			isa = PBXProject;
			attributes = {
				BuildIndependentTargetsInParallel = 1;
				LastSwiftUpdateCheck = 1530;
				LastUpgradeCheck = 1530;
				TargetAttributes = {
					6F7F1D4F2BE91B5400DD67F1 = {
						CreatedOnToolsVersion = 15.3;
					};
				};
			};
			buildConfigurationList = 6F7F1D4B2BE91B5400DD67F1 /* Build configuration list for PBXProject "NeoDent" */;
			compatibilityVersion = "Xcode 14.0";
			developmentRegion = en;
			hasScannedForEncodings = 0;
			knownRegions = (
				en,
				Base,
			);
			mainGroup = 6F7F1D472BE91B5400DD67F1;
			packageReferences = (
				6F7F1D772BEF64D000DD67F1 /* XCRemoteSwiftPackageReference "SnapKit" */,
				6F7F1D7C2BEF650800DD67F1 /* XCRemoteSwiftPackageReference "Alamofire" */,
				6FC3ED3C2BF4A97D007AAFEB /* XCRemoteSwiftPackageReference "VKPinCodeView" */,
				6FC1B53F2BFD699B0052A632 /* XCRemoteSwiftPackageReference "SDWebImage" */,
				6F6037F92BFF1F240056B5B6 /* XCRemoteSwiftPackageReference "Kingfisher" */,
			);
			productRefGroup = 6F7F1D512BE91B5400DD67F1 /* Products */;
			projectDirPath = "";
			projectRoot = "";
			targets = (
				6F7F1D4F2BE91B5400DD67F1 /* NeoDent */,
			);
		};
/* End PBXProject section */

/* Begin PBXResourcesBuildPhase section */
		6F7F1D4E2BE91B5400DD67F1 /* Resources */ = {
			isa = PBXResourcesBuildPhase;
			buildActionMask = 2147483647;
			files = (
				6F7F1D5D2BE91B5700DD67F1 /* Assets.xcassets in Resources */,
				6F7F1D602BE91B5700DD67F1 /* Base in Resources */,
			);
			runOnlyForDeploymentPostprocessing = 0;
		};
/* End PBXResourcesBuildPhase section */

/* Begin PBXSourcesBuildPhase section */
		6F7F1D4C2BE91B5400DD67F1 /* Sources */ = {
			isa = PBXSourcesBuildPhase;
			buildActionMask = 2147483647;
			files = (
				6FC1B47A2BF4DA9A0052A632 /* RegistrationViewModel.swift in Sources */,
				6F7F1D702BE9372500DD67F1 /* LoginViewModel.swift in Sources */,
				6F6037FD2BFF24060056B5B6 /* CollectionViewCell.swift in Sources */,
				6FC1B47C2BF4DAAF0052A632 /* RegistrationModel.swift in Sources */,
				6FC1B5212BFBA8680052A632 /* PasswordRecoveryViewModel.swift in Sources */,
				6FC1B47E2BF4DABF0052A632 /* RegistrationView.swift in Sources */,
				6FC1B53C2BFBB1830052A632 /* MainModel.swift in Sources */,
				6FC1B5052BFB64240052A632 /* PasswordRecoveryView.swift in Sources */,
				6FC1B5322BFBAE140052A632 /* HistoryView.swift in Sources */,
				6FC1B5372BFBAF370052A632 /* MainTabBar.swift in Sources */,
				6FC1B4832BF4E4DD0052A632 /* VerificationViewModel.swift in Sources */,
				6F7F1D6C2BE9272B00DD67F1 /* LoginView.swift in Sources */,
				6F67F0BA2C0CEE66007E74CD /* DoctorDetailViewController.swift in Sources */,
				6F7F1D542BE91B5400DD67F1 /* AppDelegate.swift in Sources */,
				6FC1B4FD2BF8FA690052A632 /* RegistrationRequest.swift in Sources */,
				6F67F0AD2C073D1E007E74CD /* DoctorsListViewController.swift in Sources */,
				6FC1B4852BF4E4EB0052A632 /* VerificationModel.swift in Sources */,
				6F67F0B72C0CDC63007E74CD /* FilterViewController.swift in Sources */,
				6FC1B5462BFD6D590052A632 /* DoctorCollectionViewCell.swift in Sources */,
				6FC1B53A2BFBB1760052A632 /* MainViewModel.swift in Sources */,
				6F67F0A42C072394007E74CD /* MoreDoctorsViewController.swift in Sources */,
				6FC1B4812BF4E4D10052A632 /* VerificationView.swift in Sources */,
				6FC1B5302BFBAE030052A632 /* AppointmentView.swift in Sources */,
				6F67F0AF2C073D2B007E74CD /* CalendarViewController.swift in Sources */,
				6F6328C22C0FBC0900C459B4 /* PersonalDetailsViewController.swift in Sources */,
				6F67F0B12C073D39007E74CD /* ConfirmationViewController.swift in Sources */,
				6F67F0AB2C073D09007E74CD /* ServicesListViewController.swift in Sources */,
				6F67F0A22C07237E007E74CD /* MoreServicesViewController.swift in Sources */,
				6FC1B5342BFBAE210052A632 /* ProfileView.swift in Sources */,
				6FC1B5262BFBAB4B0052A632 /* MainView.swift in Sources */,
				6F7F1D722BE9373700DD67F1 /* LoginModel.swift in Sources */,
			);
			runOnlyForDeploymentPostprocessing = 0;
		};
/* End PBXSourcesBuildPhase section */

/* Begin PBXVariantGroup section */
		6F7F1D5E2BE91B5700DD67F1 /* LaunchScreen.storyboard */ = {
			isa = PBXVariantGroup;
			children = (
				6F7F1D5F2BE91B5700DD67F1 /* Base */,
			);
			name = LaunchScreen.storyboard;
			sourceTree = "<group>";
		};
/* End PBXVariantGroup section */

/* Begin XCBuildConfiguration section */
		6F7F1D622BE91B5700DD67F1 /* Debug */ = {
			isa = XCBuildConfiguration;
			buildSettings = {
				ALWAYS_SEARCH_USER_PATHS = NO;
				ASSETCATALOG_COMPILER_GENERATE_SWIFT_ASSET_SYMBOL_EXTENSIONS = YES;
				CLANG_ANALYZER_NONNULL = YES;
				CLANG_ANALYZER_NUMBER_OBJECT_CONVERSION = YES_AGGRESSIVE;
				CLANG_CXX_LANGUAGE_STANDARD = "gnu++20";
				CLANG_ENABLE_MODULES = YES;
				CLANG_ENABLE_OBJC_ARC = YES;
				CLANG_ENABLE_OBJC_WEAK = YES;
				CLANG_WARN_BLOCK_CAPTURE_AUTORELEASING = YES;
				CLANG_WARN_BOOL_CONVERSION = YES;
				CLANG_WARN_COMMA = YES;
				CLANG_WARN_CONSTANT_CONVERSION = YES;
				CLANG_WARN_DEPRECATED_OBJC_IMPLEMENTATIONS = YES;
				CLANG_WARN_DIRECT_OBJC_ISA_USAGE = YES_ERROR;
				CLANG_WARN_DOCUMENTATION_COMMENTS = YES;
				CLANG_WARN_EMPTY_BODY = YES;
				CLANG_WARN_ENUM_CONVERSION = YES;
				CLANG_WARN_INFINITE_RECURSION = YES;
				CLANG_WARN_INT_CONVERSION = YES;
				CLANG_WARN_NON_LITERAL_NULL_CONVERSION = YES;
				CLANG_WARN_OBJC_IMPLICIT_RETAIN_SELF = YES;
				CLANG_WARN_OBJC_LITERAL_CONVERSION = YES;
				CLANG_WARN_OBJC_ROOT_CLASS = YES_ERROR;
				CLANG_WARN_QUOTED_INCLUDE_IN_FRAMEWORK_HEADER = YES;
				CLANG_WARN_RANGE_LOOP_ANALYSIS = YES;
				CLANG_WARN_STRICT_PROTOTYPES = YES;
				CLANG_WARN_SUSPICIOUS_MOVE = YES;
				CLANG_WARN_UNGUARDED_AVAILABILITY = YES_AGGRESSIVE;
				CLANG_WARN_UNREACHABLE_CODE = YES;
				CLANG_WARN__DUPLICATE_METHOD_MATCH = YES;
				COPY_PHASE_STRIP = NO;
				DEBUG_INFORMATION_FORMAT = dwarf;
				ENABLE_STRICT_OBJC_MSGSEND = YES;
				ENABLE_TESTABILITY = YES;
				ENABLE_USER_SCRIPT_SANDBOXING = YES;
				GCC_C_LANGUAGE_STANDARD = gnu17;
				GCC_DYNAMIC_NO_PIC = NO;
				GCC_NO_COMMON_BLOCKS = YES;
				GCC_OPTIMIZATION_LEVEL = 0;
				GCC_PREPROCESSOR_DEFINITIONS = (
					"DEBUG=1",
					"$(inherited)",
				);
				GCC_WARN_64_TO_32_BIT_CONVERSION = YES;
				GCC_WARN_ABOUT_RETURN_TYPE = YES_ERROR;
				GCC_WARN_UNDECLARED_SELECTOR = YES;
				GCC_WARN_UNINITIALIZED_AUTOS = YES_AGGRESSIVE;
				GCC_WARN_UNUSED_FUNCTION = YES;
				GCC_WARN_UNUSED_VARIABLE = YES;
				IPHONEOS_DEPLOYMENT_TARGET = 17.4;
				LOCALIZATION_PREFERS_STRING_CATALOGS = YES;
				MTL_ENABLE_DEBUG_INFO = INCLUDE_SOURCE;
				MTL_FAST_MATH = YES;
				ONLY_ACTIVE_ARCH = YES;
				SDKROOT = iphoneos;
				SWIFT_ACTIVE_COMPILATION_CONDITIONS = "DEBUG $(inherited)";
				SWIFT_OPTIMIZATION_LEVEL = "-Onone";
			};
			name = Debug;
		};
		6F7F1D632BE91B5700DD67F1 /* Release */ = {
			isa = XCBuildConfiguration;
			buildSettings = {
				ALWAYS_SEARCH_USER_PATHS = NO;
				ASSETCATALOG_COMPILER_GENERATE_SWIFT_ASSET_SYMBOL_EXTENSIONS = YES;
				CLANG_ANALYZER_NONNULL = YES;
				CLANG_ANALYZER_NUMBER_OBJECT_CONVERSION = YES_AGGRESSIVE;
				CLANG_CXX_LANGUAGE_STANDARD = "gnu++20";
				CLANG_ENABLE_MODULES = YES;
				CLANG_ENABLE_OBJC_ARC = YES;
				CLANG_ENABLE_OBJC_WEAK = YES;
				CLANG_WARN_BLOCK_CAPTURE_AUTORELEASING = YES;
				CLANG_WARN_BOOL_CONVERSION = YES;
				CLANG_WARN_COMMA = YES;
				CLANG_WARN_CONSTANT_CONVERSION = YES;
				CLANG_WARN_DEPRECATED_OBJC_IMPLEMENTATIONS = YES;
				CLANG_WARN_DIRECT_OBJC_ISA_USAGE = YES_ERROR;
				CLANG_WARN_DOCUMENTATION_COMMENTS = YES;
				CLANG_WARN_EMPTY_BODY = YES;
				CLANG_WARN_ENUM_CONVERSION = YES;
				CLANG_WARN_INFINITE_RECURSION = YES;
				CLANG_WARN_INT_CONVERSION = YES;
				CLANG_WARN_NON_LITERAL_NULL_CONVERSION = YES;
				CLANG_WARN_OBJC_IMPLICIT_RETAIN_SELF = YES;
				CLANG_WARN_OBJC_LITERAL_CONVERSION = YES;
				CLANG_WARN_OBJC_ROOT_CLASS = YES_ERROR;
				CLANG_WARN_QUOTED_INCLUDE_IN_FRAMEWORK_HEADER = YES;
				CLANG_WARN_RANGE_LOOP_ANALYSIS = YES;
				CLANG_WARN_STRICT_PROTOTYPES = YES;
				CLANG_WARN_SUSPICIOUS_MOVE = YES;
				CLANG_WARN_UNGUARDED_AVAILABILITY = YES_AGGRESSIVE;
				CLANG_WARN_UNREACHABLE_CODE = YES;
				CLANG_WARN__DUPLICATE_METHOD_MATCH = YES;
				COPY_PHASE_STRIP = NO;
				DEBUG_INFORMATION_FORMAT = "dwarf-with-dsym";
				ENABLE_NS_ASSERTIONS = NO;
				ENABLE_STRICT_OBJC_MSGSEND = YES;
				ENABLE_USER_SCRIPT_SANDBOXING = YES;
				GCC_C_LANGUAGE_STANDARD = gnu17;
				GCC_NO_COMMON_BLOCKS = YES;
				GCC_WARN_64_TO_32_BIT_CONVERSION = YES;
				GCC_WARN_ABOUT_RETURN_TYPE = YES_ERROR;
				GCC_WARN_UNDECLARED_SELECTOR = YES;
				GCC_WARN_UNINITIALIZED_AUTOS = YES_AGGRESSIVE;
				GCC_WARN_UNUSED_FUNCTION = YES;
				GCC_WARN_UNUSED_VARIABLE = YES;
				IPHONEOS_DEPLOYMENT_TARGET = 17.4;
				LOCALIZATION_PREFERS_STRING_CATALOGS = YES;
				MTL_ENABLE_DEBUG_INFO = NO;
				MTL_FAST_MATH = YES;
				SDKROOT = iphoneos;
				SWIFT_COMPILATION_MODE = wholemodule;
				VALIDATE_PRODUCT = YES;
			};
			name = Release;
		};
		6F7F1D652BE91B5700DD67F1 /* Debug */ = {
			isa = XCBuildConfiguration;
			buildSettings = {
				ASSETCATALOG_COMPILER_APPICON_NAME = AppIcon;
				ASSETCATALOG_COMPILER_GLOBAL_ACCENT_COLOR_NAME = AccentColor;
				CODE_SIGN_STYLE = Automatic;
				CURRENT_PROJECT_VERSION = 1;
				GENERATE_INFOPLIST_FILE = YES;
				INFOPLIST_FILE = NeoDent/Info.plist;
				INFOPLIST_KEY_UIApplicationSupportsIndirectInputEvents = YES;
				INFOPLIST_KEY_UILaunchStoryboardName = LaunchScreen;
				INFOPLIST_KEY_UIMainStoryboardFile = "";
				INFOPLIST_KEY_UISupportedInterfaceOrientations_iPad = "UIInterfaceOrientationPortrait UIInterfaceOrientationPortraitUpsideDown UIInterfaceOrientationLandscapeLeft UIInterfaceOrientationLandscapeRight";
				INFOPLIST_KEY_UISupportedInterfaceOrientations_iPhone = "UIInterfaceOrientationPortrait UIInterfaceOrientationLandscapeLeft UIInterfaceOrientationLandscapeRight";
				LD_RUNPATH_SEARCH_PATHS = (
					"$(inherited)",
					"@executable_path/Frameworks",
				);
				MARKETING_VERSION = 1.0;
				PRODUCT_BUNDLE_IDENTIFIER = com.NeoDent;
				PRODUCT_NAME = "$(TARGET_NAME)";
				SWIFT_EMIT_LOC_STRINGS = YES;
				SWIFT_VERSION = 5.0;
				TARGETED_DEVICE_FAMILY = "1,2";
			};
			name = Debug;
		};
		6F7F1D662BE91B5700DD67F1 /* Release */ = {
			isa = XCBuildConfiguration;
			buildSettings = {
				ASSETCATALOG_COMPILER_APPICON_NAME = AppIcon;
				ASSETCATALOG_COMPILER_GLOBAL_ACCENT_COLOR_NAME = AccentColor;
				CODE_SIGN_STYLE = Automatic;
				CURRENT_PROJECT_VERSION = 1;
				GENERATE_INFOPLIST_FILE = YES;
				INFOPLIST_FILE = NeoDent/Info.plist;
				INFOPLIST_KEY_UIApplicationSupportsIndirectInputEvents = YES;
				INFOPLIST_KEY_UILaunchStoryboardName = LaunchScreen;
				INFOPLIST_KEY_UIMainStoryboardFile = "";
				INFOPLIST_KEY_UISupportedInterfaceOrientations_iPad = "UIInterfaceOrientationPortrait UIInterfaceOrientationPortraitUpsideDown UIInterfaceOrientationLandscapeLeft UIInterfaceOrientationLandscapeRight";
				INFOPLIST_KEY_UISupportedInterfaceOrientations_iPhone = "UIInterfaceOrientationPortrait UIInterfaceOrientationLandscapeLeft UIInterfaceOrientationLandscapeRight";
				LD_RUNPATH_SEARCH_PATHS = (
					"$(inherited)",
					"@executable_path/Frameworks",
				);
				MARKETING_VERSION = 1.0;
				PRODUCT_BUNDLE_IDENTIFIER = com.NeoDent;
				PRODUCT_NAME = "$(TARGET_NAME)";
				SWIFT_EMIT_LOC_STRINGS = YES;
				SWIFT_VERSION = 5.0;
				TARGETED_DEVICE_FAMILY = "1,2";
			};
			name = Release;
		};
/* End XCBuildConfiguration section */

/* Begin XCConfigurationList section */
		6F7F1D4B2BE91B5400DD67F1 /* Build configuration list for PBXProject "NeoDent" */ = {
			isa = XCConfigurationList;
			buildConfigurations = (
				6F7F1D622BE91B5700DD67F1 /* Debug */,
				6F7F1D632BE91B5700DD67F1 /* Release */,
			);
			defaultConfigurationIsVisible = 0;
			defaultConfigurationName = Release;
		};
		6F7F1D642BE91B5700DD67F1 /* Build configuration list for PBXNativeTarget "NeoDent" */ = {
			isa = XCConfigurationList;
			buildConfigurations = (
				6F7F1D652BE91B5700DD67F1 /* Debug */,
				6F7F1D662BE91B5700DD67F1 /* Release */,
			);
			defaultConfigurationIsVisible = 0;
			defaultConfigurationName = Release;
		};
/* End XCConfigurationList section */

/* Begin XCRemoteSwiftPackageReference section */
		6F6037F92BFF1F240056B5B6 /* XCRemoteSwiftPackageReference "Kingfisher" */ = {
			isa = XCRemoteSwiftPackageReference;
			repositoryURL = "https://github.com/onevcat/Kingfisher";
			requirement = {
				kind = upToNextMajorVersion;
				minimumVersion = 7.11.0;
			};
		};
		6F7F1D772BEF64D000DD67F1 /* XCRemoteSwiftPackageReference "SnapKit" */ = {
			isa = XCRemoteSwiftPackageReference;
			repositoryURL = "https://github.com/SnapKit/SnapKit.git";
			requirement = {
				kind = upToNextMajorVersion;
				minimumVersion = 5.7.1;
			};
		};
		6F7F1D7C2BEF650800DD67F1 /* XCRemoteSwiftPackageReference "Alamofire" */ = {
			isa = XCRemoteSwiftPackageReference;
			repositoryURL = "https://github.com/Alamofire/Alamofire.git";
			requirement = {
				kind = upToNextMajorVersion;
				minimumVersion = 5.9.1;
			};
		};
		6FC1B53F2BFD699B0052A632 /* XCRemoteSwiftPackageReference "SDWebImage" */ = {
			isa = XCRemoteSwiftPackageReference;
			repositoryURL = "https://github.com/SDWebImage/SDWebImage.git";
			requirement = {
				kind = upToNextMajorVersion;
				minimumVersion = 5.19.2;
			};
		};
		6FC3ED3C2BF4A97D007AAFEB /* XCRemoteSwiftPackageReference "VKPinCodeView" */ = {
			isa = XCRemoteSwiftPackageReference;
			repositoryURL = "https://github.com/Sunspension/VKPinCodeView.git";
			requirement = {
				kind = upToNextMajorVersion;
				minimumVersion = 0.4.2;
			};
		};
/* End XCRemoteSwiftPackageReference section */

/* Begin XCSwiftPackageProductDependency section */
		6F6037FA2BFF1F240056B5B6 /* Kingfisher */ = {
			isa = XCSwiftPackageProductDependency;
			package = 6F6037F92BFF1F240056B5B6 /* XCRemoteSwiftPackageReference "Kingfisher" */;
			productName = Kingfisher;
		};
		6F7F1D782BEF64D000DD67F1 /* SnapKit */ = {
			isa = XCSwiftPackageProductDependency;
			package = 6F7F1D772BEF64D000DD67F1 /* XCRemoteSwiftPackageReference "SnapKit" */;
			productName = SnapKit;
		};
		6F7F1D7A2BEF64D000DD67F1 /* SnapKit-Dynamic */ = {
			isa = XCSwiftPackageProductDependency;
			package = 6F7F1D772BEF64D000DD67F1 /* XCRemoteSwiftPackageReference "SnapKit" */;
			productName = "SnapKit-Dynamic";
		};
		6F7F1D7D2BEF650800DD67F1 /* Alamofire */ = {
			isa = XCSwiftPackageProductDependency;
			package = 6F7F1D7C2BEF650800DD67F1 /* XCRemoteSwiftPackageReference "Alamofire" */;
			productName = Alamofire;
		};
		6F7F1D7F2BEF650800DD67F1 /* AlamofireDynamic */ = {
			isa = XCSwiftPackageProductDependency;
			package = 6F7F1D7C2BEF650800DD67F1 /* XCRemoteSwiftPackageReference "Alamofire" */;
			productName = AlamofireDynamic;
		};
		6FC1B4752BF4AF390052A632 /* VKPinCodeView */ = {
			isa = XCSwiftPackageProductDependency;
			package = 6FC3ED3C2BF4A97D007AAFEB /* XCRemoteSwiftPackageReference "VKPinCodeView" */;
			productName = VKPinCodeView;
		};
/* End XCSwiftPackageProductDependency section */
	};
	rootObject = 6F7F1D482BE91B5400DD67F1 /* Project object */;
}
